github.com/scrouthtv/algobra/pkg/number v0.0.0-20210614163755-beab06c63f50 h1:0Qm24LCVE2bfm878L9QqyNo0gNerng5ZkkptjcHM2H0=
github.com/scrouthtv/algobra/pkg/number v0.0.0-20210614163755-beab06c63f50/go.mod h1:O2bTiiSeudnv50y9pgsAMfLyWF6HrdTRF5bPGSJo4lk=
github.com/scrouthtv/algobra/pkg/number v0.0.0-20210614170355-58fa8896bc5d h1:iOB5DBUKhwQ8ztr92BEc7lrZv2qhriG0k8AkJkbrNNM=
github.com/scrouthtv/algobra/pkg/number v0.0.0-20210614170355-58fa8896bc5d/go.mod h1:O2bTiiSeudnv50y9pgsAMfLyWF6HrdTRF5bPGSJo4lk=
github.com/scrouthtv/algobra/pkg/number v0.0.0-20210614172931-4139d5c8418d h1:qiaL1u66AMPwmYkk4A5//MUqm5VuQakdfS4p6eT6Tdc=
github.com/scrouthtv/algobra/pkg/number v0.0.0-20210614172931-4139d5c8418d/go.mod h1:O2bTiiSeudnv50y9pgsAMfLyWF6HrdTRF5bPGSJo4lk=
github.com/scrouthtv/algobra/pkg/number v0.0.0-20210719085427-f71d32cb56c8 h1:Hlru+04oBCAWteTK3OuUk9iFY+X7gYiIrun0tOputSs=
github.com/scrouthtv/algobra/pkg/number v0.0.0-20210719085427-f71d32cb56c8/go.mod h1:O2bTiiSeudnv50y9pgsAMfLyWF6HrdTRF5bPGSJo4lk=
github.com/scrouthtv/algobra/pkg/number v0.0.0-20210719085907-1e3618083676 h1:AJBPUOxSilfRRr3X8lmo+JBtNikwQeKTlrow3rTlbZM=
github.com/scrouthtv/algobra/pkg/number v0.0.0-20210719085907-1e3618083676/go.mod h1:O2bTiiSeudnv50y9pgsAMfLyWF6HrdTRF5bPGSJo4lk=
github.com/scrouthtv/algobra/pkg/number v0.0.0-20210719090637-c8a9b6a5501a/go.mod h1:O2bTiiSeudnv50y9pgsAMfLyWF6HrdTRF5bPGSJo4lk=
github.com/scrouthtv/algobra/pkg/number v0.0.0-20210719090809-99d5d71785bf h1:ruCbD24aMqDSMgZTDuU8paWvNNsvs4OxnRm3NQjtwig=
github.com/scrouthtv/algobra/pkg/number v0.0.0-20210719090809-99d5d71785bf/go.mod h1:O2bTiiSeudnv50y9pgsAMfLyWF6HrdTRF5bPGSJo4lk=
github.com/scrouthtv/algobra/pkg/number v0.0.0-20210719091911-f86a800ac29d h1:HebNUdG5ue/qaoeptz7/PwCsax85M7LzO5hO8ahqhK4=
github.com/scrouthtv/algobra/pkg/number v0.0.0-20210719091911-f86a800ac29d/go.mod h1:O2bTiiSeudnv50y9pgsAMfLyWF6HrdTRF5bPGSJo4lk=
github.com/scrouthtv/algobra/pkg/number v0.0.0-20210719094052-dac8e09591d6 h1:Xnn9ZJ/pMGOuoJPHFCpwAGCNCeGGqYruMaSQ622nzFo=
github.com/scrouthtv/algobra/pkg/number v0.0.0-20210719094052-dac8e09591d6/go.mod h1:O2bTiiSeudnv50y9pgsAMfLyWF6HrdTRF5bPGSJo4lk=
github.com/scrouthtv/algobra/pkg/number v0.0.0-20210719094143-c0fbdb1ce31b h1:Ua6LDv+Ujmv6HA0/BC08lvJAiaDEd8U3f9tujeRh+yI=
github.com/scrouthtv/algobra/pkg/number v0.0.0-20210719094143-c0fbdb1ce31b/go.mod h1:O2bTiiSeudnv50y9pgsAMfLyWF6HrdTRF5bPGSJo4lk=
github.com/scrouthtv/algobra/pkg/number v0.0.0-20210719094258-0d702353e86c h1:3IiqdpI6fiQ3dpPW1n/6OVKy7cEdRqTfUAdD5Q+sz4g=
github.com/scrouthtv/algobra/pkg/number v0.0.0-20210719094258-0d702353e86c/go.mod h1:O2bTiiSeudnv50y9pgsAMfLyWF6HrdTRF5bPGSJo4lk=
github.com/scrouthtv/algobra/pkg/number/def v0.0.0-20210719085200-a8620807b261 h1:PbVP4at211R10cjY5AGqcUdhENjPX7oc5FRnSgY0B/4=
github.com/scrouthtv/algobra/pkg/number/def v0.0.0-20210719085200-a8620807b261/go.mod h1:+FmVI5kF6IFxZnnkZTjIpJrO6kOO1kN5f7ImeWUFkx8=
github.com/scrouthtv/algobra/pkg/number/def v0.0.0-20210719085427-f71d32cb56c8 h1:QlLTNzOBF+opUZM0fpRsPlgWvn7snBeckLUzt+smm5g=
github.com/scrouthtv/algobra/pkg/number/def v0.0.0-20210719085427-f71d32cb56c8/go.mod h1:+FmVI5kF6IFxZnnkZTjIpJrO6kOO1kN5f7ImeWUFkx8=
github.com/scrouthtv/algobra/pkg/number/def v0.0.0-20210719092745-dacd8901e4c9 h1:alArmXTypikK1uNeFSad6KyAwLOV8Bt9cc3Hp5RHnd0=
github.com/scrouthtv/algobra/pkg/number/def v0.0.0-20210719092745-dacd8901e4c9/go.mod h1:+FmVI5kF6IFxZnnkZTjIpJrO6kOO1kN5f7ImeWUFkx8=
github.com/scrouthtv/algobra/pkg/number/default v0.0.0-20210719085011-f8ffe6446137 h1:l+yRZAUP5Cus5fnxkjNgvwsO40W7xz+BQi75a7hhXBI=
github.com/scrouthtv/algobra/pkg/number/default v0.0.0-20210719085011-f8ffe6446137/go.mod h1:COs/gxJcXkNfwjirEbPJP2xyf+rSEADIp6eP6m1/xXE=
github.com/scrouthtv/algobra/pkg/number/fastreal v0.0.0-20210614170355-58fa8896bc5d h1:FtVHCs/N6p9Sb2iXDd60DBrmCRJs3prRZDPDBWBQUxs=
github.com/scrouthtv/algobra/pkg/number/fastreal v0.0.0-20210614170355-58fa8896bc5d/go.mod h1:nlW5vLTjupjiDp8fu3jXK+/aCWf51zgKFpOORhElCs8=
github.com/scrouthtv/algobra/pkg/number/fastreal v0.0.0-20210719085011-f8ffe6446137 h1:/23eLtC4id+JJJudv3J2bFLeNX8eMY4VktkS/kr1Bs4=
github.com/scrouthtv/algobra/pkg/number/fastreal v0.0.0-20210719085011-f8ffe6446137/go.mod h1:adz6PgVGgSXmF1PcJYx+ZJEskmidcRdjysz48UGcOX8=
github.com/scrouthtv/algobra/pkg/number/fastreal v0.0.0-20210719085907-1e3618083676 h1:cudkQzAjcj1dQODzOJqdYA3aPeyTKmvL9ygE14QH1dM=
github.com/scrouthtv/algobra/pkg/number/fastreal v0.0.0-20210719085907-1e3618083676/go.mod h1:adz6PgVGgSXmF1PcJYx+ZJEskmidcRdjysz48UGcOX8=
github.com/scrouthtv/algobra/pkg/number/fastreal v0.0.0-20210719090809-99d5d71785bf h1:Ngtu4PxwRHURjIWvv4L5CgAdGbTN0NvVUGekH/kRU/8=
github.com/scrouthtv/algobra/pkg/number/fastreal v0.0.0-20210719090809-99d5d71785bf/go.mod h1:OK4fym08ImegkeRS1H6e00hpHDtdjrZAhDhgfDT0ff4=
