github.com/scrouthtv/algobra/pkg/number v0.0.0-20210614163755-beab06c63f50/go.mod h1:O2bTiiSeudnv50y9pgsAMfLyWF6HrdTRF5bPGSJo4lk=
github.com/scrouthtv/algobra/pkg/number v0.0.0-20210614170355-58fa8896bc5d/go.mod h1:O2bTiiSeudnv50y9pgsAMfLyWF6HrdTRF5bPGSJo4lk=
github.com/scrouthtv/algobra/pkg/number v0.0.0-20210719090637-c8a9b6a5501a/go.mod h1:O2bTiiSeudnv50y9pgsAMfLyWF6HrdTRF5bPGSJo4lk=
github.com/scrouthtv/algobra/pkg/number v0.0.0-20210719094258-0d702353e86c h1:3IiqdpI6fiQ3dpPW1n/6OVKy7cEdRqTfUAdD5Q+sz4g=
github.com/scrouthtv/algobra/pkg/number v0.0.0-20210719094258-0d702353e86c/go.mod h1:O2bTiiSeudnv50y9pgsAMfLyWF6HrdTRF5bPGSJo4lk=
github.com/scrouthtv/algobra/pkg/number/def v0.0.0-20210719092745-dacd8901e4c9 h1:alArmXTypikK1uNeFSad6KyAwLOV8Bt9cc3Hp5RHnd0=
github.com/scrouthtv/algobra/pkg/number/def v0.0.0-20210719092745-dacd8901e4c9/go.mod h1:+FmVI5kF6IFxZnnkZTjIpJrO6kOO1kN5f7ImeWUFkx8=
github.com/scrouthtv/algobra/pkg/number/fastreal v0.0.0-20210614170355-58fa8896bc5d/go.mod h1:nlW5vLTjupjiDp8fu3jXK+/aCWf51zgKFpOORhElCs8=
github.com/scrouthtv/algobra/pkg/number/fastreal v0.0.0-20210719132347-62838339f4be h1:NKKr0Pa6ONyUeLGeb9xdlVchwg5B0Jpt5F4ulEncQwo=
github.com/scrouthtv/algobra/pkg/number/fastreal v0.0.0-20210719132347-62838339f4be/go.mod h1:SATrnLIS+c0bfGgdYQYEv7KnTUUT0cdAOEYvudMGbvU=
