github.com/scrouthtv/algobra/pkg/number v0.0.0-20210614163755-beab06c63f50 h1:0Qm24LCVE2bfm878L9QqyNo0gNerng5ZkkptjcHM2H0=
github.com/scrouthtv/algobra/pkg/number v0.0.0-20210614163755-beab06c63f50/go.mod h1:O2bTiiSeudnv50y9pgsAMfLyWF6HrdTRF5bPGSJo4lk=
github.com/scrouthtv/algobra/pkg/number v0.0.0-20210614170355-58fa8896bc5d h1:iOB5DBUKhwQ8ztr92BEc7lrZv2qhriG0k8AkJkbrNNM=
github.com/scrouthtv/algobra/pkg/number v0.0.0-20210614170355-58fa8896bc5d/go.mod h1:O2bTiiSeudnv50y9pgsAMfLyWF6HrdTRF5bPGSJo4lk=
github.com/scrouthtv/algobra/pkg/number v0.0.0-20210614172931-4139d5c8418d h1:qiaL1u66AMPwmYkk4A5//MUqm5VuQakdfS4p6eT6Tdc=
github.com/scrouthtv/algobra/pkg/number v0.0.0-20210614172931-4139d5c8418d/go.mod h1:O2bTiiSeudnv50y9pgsAMfLyWF6HrdTRF5bPGSJo4lk=
github.com/scrouthtv/algobra/pkg/number v0.0.0-20210719085427-f71d32cb56c8 h1:Hlru+04oBCAWteTK3OuUk9iFY+X7gYiIrun0tOputSs=
github.com/scrouthtv/algobra/pkg/number v0.0.0-20210719085427-f71d32cb56c8/go.mod h1:O2bTiiSeudnv50y9pgsAMfLyWF6HrdTRF5bPGSJo4lk=
github.com/scrouthtv/algobra/pkg/number/def v0.0.0-20210719085200-a8620807b261 h1:PbVP4at211R10cjY5AGqcUdhENjPX7oc5FRnSgY0B/4=
github.com/scrouthtv/algobra/pkg/number/def v0.0.0-20210719085200-a8620807b261/go.mod h1:+FmVI5kF6IFxZnnkZTjIpJrO6kOO1kN5f7ImeWUFkx8=
github.com/scrouthtv/algobra/pkg/number/def v0.0.0-20210719085427-f71d32cb56c8 h1:QlLTNzOBF+opUZM0fpRsPlgWvn7snBeckLUzt+smm5g=
github.com/scrouthtv/algobra/pkg/number/def v0.0.0-20210719085427-f71d32cb56c8/go.mod h1:+FmVI5kF6IFxZnnkZTjIpJrO6kOO1kN5f7ImeWUFkx8=
github.com/scrouthtv/algobra/pkg/number/default v0.0.0-20210719085011-f8ffe6446137 h1:l+yRZAUP5Cus5fnxkjNgvwsO40W7xz+BQi75a7hhXBI=
github.com/scrouthtv/algobra/pkg/number/default v0.0.0-20210719085011-f8ffe6446137/go.mod h1:COs/gxJcXkNfwjirEbPJP2xyf+rSEADIp6eP6m1/xXE=
github.com/scrouthtv/algobra/pkg/number/fastreal v0.0.0-20210614170355-58fa8896bc5d h1:FtVHCs/N6p9Sb2iXDd60DBrmCRJs3prRZDPDBWBQUxs=
github.com/scrouthtv/algobra/pkg/number/fastreal v0.0.0-20210614170355-58fa8896bc5d/go.mod h1:nlW5vLTjupjiDp8fu3jXK+/aCWf51zgKFpOORhElCs8=
github.com/scrouthtv/algobra/pkg/number/fastreal v0.0.0-20210719085011-f8ffe6446137 h1:/23eLtC4id+JJJudv3J2bFLeNX8eMY4VktkS/kr1Bs4=
github.com/scrouthtv/algobra/pkg/number/fastreal v0.0.0-20210719085011-f8ffe6446137/go.mod h1:adz6PgVGgSXmF1PcJYx+ZJEskmidcRdjysz48UGcOX8=
